
Microsoft Visual Studio Solution File, Format Version 12.00
# Visual Studio Version 16
VisualStudioVersion = 16.0.28729.10
MinimumVisualStudioVersion = 10.0.40219.1
Project("{FAE04EC0-301F-11D3-BF4B-00C04F79EFBC}") = "OneStreamInterviewAssessment", "OneStreamInterviewAssessment\OneStreamInterviewAssessment.csproj", "{4CEEE398-A7EE-4443-94B0-563D65138D94}"
EndProject
Global
	GlobalSection(SolutionConfigurationPlatforms) = preSolution
		Debug|Any CPU = Debug|Any CPU
		Release|Any CPU = Release|Any CPU
	EndGlobalSection
	GlobalSection(ProjectConfigurationPlatforms) = postSolution
		{4CEEE398-A7EE-4443-94B0-563D65138D94}.Debug|Any CPU.ActiveCfg = Debug|Any CPU
		{4CEEE398-A7EE-4443-94B0-563D65138D94}.Debug|Any CPU.Build.0 = Debug|Any CPU
		{4CEEE398-A7EE-4443-94B0-563D65138D94}.Release|Any CPU.ActiveCfg = Release|Any CPU
		{4CEEE398-A7EE-4443-94B0-563D65138D94}.Release|Any CPU.Build.0 = Release|Any CPU
	EndGlobalSection
	GlobalSection(SolutionProperties) = preSolution
		HideSolutionNode = FALSE
	EndGlobalSection
	GlobalSection(ExtensibilityGlobals) = postSolution
		SolutionGuid = {9D0F4DB5-A652-4194-8F2D-5A551DB9D9D8}
	EndGlobalSection
EndGlobal
